
Microsoft Visual Studio Solution File, Format Version 12.00
# Visual Studio Version 17
VisualStudioVersion = 17.12.35527.113
MinimumVisualStudioVersion = 10.0.40219.1
Project("{2150E333-8FDC-42A3-9474-1A3956D46DE8}") = "Services", "Services", "{DD2EFF27-617A-4E53-8CED-782FD8BF4459}"
EndProject
Project("{2150E333-8FDC-42A3-9474-1A3956D46DE8}") = "Catalog", "Catalog", "{590CBD5E-FA0D-4B22-98B5-5E9981427C94}"
EndProject
Project("{FAE04EC0-301F-11D3-BF4B-00C04F79EFBC}") = "Catalog.API", "Services\Catalog\Catalog.API\Catalog.API.csproj", "{2B4FE6EB-E8AA-4E6F-9919-9CE865220D0F}"
EndProject
Project("{2150E333-8FDC-42A3-9474-1A3956D46DE8}") = "BuildingBlocks", "BuildingBlocks", "{AD0B27DF-5F92-44B1-86E2-8CD1D860E2EA}"
EndProject
Project("{FAE04EC0-301F-11D3-BF4B-00C04F79EFBC}") = "BuildingBlocks", "BuildingBlocks\BuildingBlocks\BuildingBlocks.csproj", "{DFF593A6-C698-44CB-A3FB-4CCE76550A73}"
EndProject
Project("{E53339B2-1760-4266-BCC7-CA923CBCF16C}") = "docker-compose", "docker-compose.dcproj", "{A1CC9F59-D17F-4048-962A-C094E3908E78}"
EndProject
Project("{2150E333-8FDC-42A3-9474-1A3956D46DE8}") = "Basket", "Basket", "{1858DE2C-DDFF-4855-90DA-51AC7D7748C6}"
EndProject
Project("{FAE04EC0-301F-11D3-BF4B-00C04F79EFBC}") = "Basket.API", "Services\Basket\Basket.API\Basket.API.csproj", "{53E346AB-BE5A-4B0F-8EDF-2576E576849A}"
EndProject
Project("{2150E333-8FDC-42A3-9474-1A3956D46DE8}") = "Discount", "Discount", "{02EA681E-C7D8-13C7-8484-4AC65E1B71E8}"
EndProject
Project("{FAE04EC0-301F-11D3-BF4B-00C04F79EFBC}") = "Discount.Grpc", "Services\Discount\Discount.Grpc\Discount.Grpc.csproj", "{72CFAFED-F424-496D-9A48-FBE6163FD62C}"
EndProject
Project("{2150E333-8FDC-42A3-9474-1A3956D46DE8}") = "Ordering", "Ordering", "{50285FAE-0583-4A43-A564-DCBCD19CF3D5}"
EndProject
Project("{FAE04EC0-301F-11D3-BF4B-00C04F79EFBC}") = "Ordering.API", "Services\Ordering\Ordering.API\Ordering.API.csproj", "{E3688812-28D6-4A8B-BFB6-43492E72D9D0}"
EndProject
Project("{FAE04EC0-301F-11D3-BF4B-00C04F79EFBC}") = "Ordering.Domain", "Services\Ordering\Ordering.Domain\Ordering.Domain.csproj", "{5088377C-1A56-43D3-BF5D-5CF9894AB3C3}"
EndProject
Project("{FAE04EC0-301F-11D3-BF4B-00C04F79EFBC}") = "Ordering.Application", "Services\Ordering\Ordering.Application\Ordering.Application.csproj", "{5A147CB1-3B7B-4B7B-A42D-280892E0AF1B}"
EndProject
Project("{FAE04EC0-301F-11D3-BF4B-00C04F79EFBC}") = "Ordering.Infrastructure", "Services\Ordering\Ordering.Infrastructure\Ordering.Infrastructure.csproj", "{293B0C6E-B54F-41FF-8EC9-31517F4A0615}"
EndProject
Project("{FAE04EC0-301F-11D3-BF4B-00C04F79EFBC}") = "BuildingBlocks.Messaging", "BuildingBlocks\BuildingBlocks.Messaging\BuildingBlocks.Messaging.csproj", "{D65C0D0E-8E72-4DE1-9056-6AFEBD52737C}"
EndProject
Project("{2150E333-8FDC-42A3-9474-1A3956D46DE8}") = "ApiGateways", "ApiGateways", "{4DF84850-8057-4A7A-B707-9C1B720ACD45}"
EndProject
Project("{FAE04EC0-301F-11D3-BF4B-00C04F79EFBC}") = "YarpApiGateway", "ApiGateways\YarpApiGateway\YarpApiGateway.csproj", "{4E3DA583-A816-4F4D-A287-8EFCC0CE84D2}"
EndProject
Project("{2150E333-8FDC-42A3-9474-1A3956D46DE8}") = "WebApps", "WebApps", "{A76CC58E-5435-45B1-831F-CBD782F55CC7}"
EndProject
Project("{FAE04EC0-301F-11D3-BF4B-00C04F79EFBC}") = "Shopping.Web", "WebApps\Shopping.Web\Shopping.Web.csproj", "{CDB4E438-FA54-4616-93BA-F88979101D07}"
EndProject
Global
	GlobalSection(SolutionConfigurationPlatforms) = preSolution
		Debug|Any CPU = Debug|Any CPU
		Release|Any CPU = Release|Any CPU
	EndGlobalSection
	GlobalSection(ProjectConfigurationPlatforms) = postSolution
		{2B4FE6EB-E8AA-4E6F-9919-9CE865220D0F}.Debug|Any CPU.ActiveCfg = Debug|Any CPU
		{2B4FE6EB-E8AA-4E6F-9919-9CE865220D0F}.Debug|Any CPU.Build.0 = Debug|Any CPU
		{2B4FE6EB-E8AA-4E6F-9919-9CE865220D0F}.Release|Any CPU.ActiveCfg = Release|Any CPU
		{2B4FE6EB-E8AA-4E6F-9919-9CE865220D0F}.Release|Any CPU.Build.0 = Release|Any CPU
		{DFF593A6-C698-44CB-A3FB-4CCE76550A73}.Debug|Any CPU.ActiveCfg = Debug|Any CPU
		{DFF593A6-C698-44CB-A3FB-4CCE76550A73}.Debug|Any CPU.Build.0 = Debug|Any CPU
		{DFF593A6-C698-44CB-A3FB-4CCE76550A73}.Release|Any CPU.ActiveCfg = Release|Any CPU
		{DFF593A6-C698-44CB-A3FB-4CCE76550A73}.Release|Any CPU.Build.0 = Release|Any CPU
		{A1CC9F59-D17F-4048-962A-C094E3908E78}.Debug|Any CPU.ActiveCfg = Debug|Any CPU
		{A1CC9F59-D17F-4048-962A-C094E3908E78}.Debug|Any CPU.Build.0 = Debug|Any CPU
		{A1CC9F59-D17F-4048-962A-C094E3908E78}.Release|Any CPU.ActiveCfg = Release|Any CPU
		{A1CC9F59-D17F-4048-962A-C094E3908E78}.Release|Any CPU.Build.0 = Release|Any CPU
		{53E346AB-BE5A-4B0F-8EDF-2576E576849A}.Debug|Any CPU.ActiveCfg = Debug|Any CPU
		{53E346AB-BE5A-4B0F-8EDF-2576E576849A}.Debug|Any CPU.Build.0 = Debug|Any CPU
		{53E346AB-BE5A-4B0F-8EDF-2576E576849A}.Release|Any CPU.ActiveCfg = Release|Any CPU
		{53E346AB-BE5A-4B0F-8EDF-2576E576849A}.Release|Any CPU.Build.0 = Release|Any CPU
		{72CFAFED-F424-496D-9A48-FBE6163FD62C}.Debug|Any CPU.ActiveCfg = Debug|Any CPU
		{72CFAFED-F424-496D-9A48-FBE6163FD62C}.Debug|Any CPU.Build.0 = Debug|Any CPU
		{72CFAFED-F424-496D-9A48-FBE6163FD62C}.Release|Any CPU.ActiveCfg = Release|Any CPU
		{72CFAFED-F424-496D-9A48-FBE6163FD62C}.Release|Any CPU.Build.0 = Release|Any CPU
		{E3688812-28D6-4A8B-BFB6-43492E72D9D0}.Debug|Any CPU.ActiveCfg = Debug|Any CPU
		{E3688812-28D6-4A8B-BFB6-43492E72D9D0}.Debug|Any CPU.Build.0 = Debug|Any CPU
		{E3688812-28D6-4A8B-BFB6-43492E72D9D0}.Release|Any CPU.ActiveCfg = Release|Any CPU
		{E3688812-28D6-4A8B-BFB6-43492E72D9D0}.Release|Any CPU.Build.0 = Release|Any CPU
		{5088377C-1A56-43D3-BF5D-5CF9894AB3C3}.Debug|Any CPU.ActiveCfg = Debug|Any CPU
		{5088377C-1A56-43D3-BF5D-5CF9894AB3C3}.Debug|Any CPU.Build.0 = Debug|Any CPU
		{5088377C-1A56-43D3-BF5D-5CF9894AB3C3}.Release|Any CPU.ActiveCfg = Release|Any CPU
		{5088377C-1A56-43D3-BF5D-5CF9894AB3C3}.Release|Any CPU.Build.0 = Release|Any CPU
		{5A147CB1-3B7B-4B7B-A42D-280892E0AF1B}.Debug|Any CPU.ActiveCfg = Debug|Any CPU
		{5A147CB1-3B7B-4B7B-A42D-280892E0AF1B}.Debug|Any CPU.Build.0 = Debug|Any CPU
		{5A147CB1-3B7B-4B7B-A42D-280892E0AF1B}.Release|Any CPU.ActiveCfg = Release|Any CPU
		{5A147CB1-3B7B-4B7B-A42D-280892E0AF1B}.Release|Any CPU.Build.0 = Release|Any CPU
		{293B0C6E-B54F-41FF-8EC9-31517F4A0615}.Debug|Any CPU.ActiveCfg = Debug|Any CPU
		{293B0C6E-B54F-41FF-8EC9-31517F4A0615}.Debug|Any CPU.Build.0 = Debug|Any CPU
		{293B0C6E-B54F-41FF-8EC9-31517F4A0615}.Release|Any CPU.ActiveCfg = Release|Any CPU
		{293B0C6E-B54F-41FF-8EC9-31517F4A0615}.Release|Any CPU.Build.0 = Release|Any CPU
		{D65C0D0E-8E72-4DE1-9056-6AFEBD52737C}.Debug|Any CPU.ActiveCfg = Debug|Any CPU
		{D65C0D0E-8E72-4DE1-9056-6AFEBD52737C}.Debug|Any CPU.Build.0 = Debug|Any CPU
		{D65C0D0E-8E72-4DE1-9056-6AFEBD52737C}.Release|Any CPU.ActiveCfg = Release|Any CPU
		{D65C0D0E-8E72-4DE1-9056-6AFEBD52737C}.Release|Any CPU.Build.0 = Release|Any CPU
		{4E3DA583-A816-4F4D-A287-8EFCC0CE84D2}.Debug|Any CPU.ActiveCfg = Debug|Any CPU
		{4E3DA583-A816-4F4D-A287-8EFCC0CE84D2}.Debug|Any CPU.Build.0 = Debug|Any CPU
		{4E3DA583-A816-4F4D-A287-8EFCC0CE84D2}.Release|Any CPU.ActiveCfg = Release|Any CPU
		{4E3DA583-A816-4F4D-A287-8EFCC0CE84D2}.Release|Any CPU.Build.0 = Release|Any CPU
		{CDB4E438-FA54-4616-93BA-F88979101D07}.Debug|Any CPU.ActiveCfg = Debug|Any CPU
		{CDB4E438-FA54-4616-93BA-F88979101D07}.Debug|Any CPU.Build.0 = Debug|Any CPU
		{CDB4E438-FA54-4616-93BA-F88979101D07}.Release|Any CPU.ActiveCfg = Release|Any CPU
		{CDB4E438-FA54-4616-93BA-F88979101D07}.Release|Any CPU.Build.0 = Release|Any CPU
	EndGlobalSection
	GlobalSection(SolutionProperties) = preSolution
		HideSolutionNode = FALSE
	EndGlobalSection
	GlobalSection(NestedProjects) = preSolution
		{590CBD5E-FA0D-4B22-98B5-5E9981427C94} = {DD2EFF27-617A-4E53-8CED-782FD8BF4459}
		{2B4FE6EB-E8AA-4E6F-9919-9CE865220D0F} = {590CBD5E-FA0D-4B22-98B5-5E9981427C94}
		{DFF593A6-C698-44CB-A3FB-4CCE76550A73} = {AD0B27DF-5F92-44B1-86E2-8CD1D860E2EA}
		{1858DE2C-DDFF-4855-90DA-51AC7D7748C6} = {DD2EFF27-617A-4E53-8CED-782FD8BF4459}
		{53E346AB-BE5A-4B0F-8EDF-2576E576849A} = {1858DE2C-DDFF-4855-90DA-51AC7D7748C6}
		{02EA681E-C7D8-13C7-8484-4AC65E1B71E8} = {DD2EFF27-617A-4E53-8CED-782FD8BF4459}
		{72CFAFED-F424-496D-9A48-FBE6163FD62C} = {02EA681E-C7D8-13C7-8484-4AC65E1B71E8}
		{50285FAE-0583-4A43-A564-DCBCD19CF3D5} = {DD2EFF27-617A-4E53-8CED-782FD8BF4459}
		{E3688812-28D6-4A8B-BFB6-43492E72D9D0} = {50285FAE-0583-4A43-A564-DCBCD19CF3D5}
		{5088377C-1A56-43D3-BF5D-5CF9894AB3C3} = {50285FAE-0583-4A43-A564-DCBCD19CF3D5}
		{5A147CB1-3B7B-4B7B-A42D-280892E0AF1B} = {50285FAE-0583-4A43-A564-DCBCD19CF3D5}
		{293B0C6E-B54F-41FF-8EC9-31517F4A0615} = {50285FAE-0583-4A43-A564-DCBCD19CF3D5}
		{D65C0D0E-8E72-4DE1-9056-6AFEBD52737C} = {AD0B27DF-5F92-44B1-86E2-8CD1D860E2EA}
		{4E3DA583-A816-4F4D-A287-8EFCC0CE84D2} = {4DF84850-8057-4A7A-B707-9C1B720ACD45}
		{CDB4E438-FA54-4616-93BA-F88979101D07} = {A76CC58E-5435-45B1-831F-CBD782F55CC7}
	EndGlobalSection
	GlobalSection(ExtensibilityGlobals) = postSolution
		SolutionGuid = {35F5C739-D652-4FC0-8159-17D501740F04}
	EndGlobalSection
EndGlobal
